
Microsoft Visual Studio Solution File, Format Version 12.00
# Visual Studio 15
VisualStudioVersion = 15.0.26730.16
MinimumVisualStudioVersion = 10.0.40219.1
Project("{FAE04EC0-301F-11D3-BF4B-00C04F79EFBC}") = "AnimeLand", "AnimeLand\AnimeLand.csproj", "{ED32B941-2E48-4FC4-BDCB-916964C2CC5F}"
EndProject
Global
	GlobalSection(SolutionConfigurationPlatforms) = preSolution
		Debug|Any CPU = Debug|Any CPU
		Release|Any CPU = Release|Any CPU
	EndGlobalSection
	GlobalSection(ProjectConfigurationPlatforms) = postSolution
		{ED32B941-2E48-4FC4-BDCB-916964C2CC5F}.Debug|Any CPU.ActiveCfg = Debug|Any CPU
		{ED32B941-2E48-4FC4-BDCB-916964C2CC5F}.Debug|Any CPU.Build.0 = Debug|Any CPU
		{ED32B941-2E48-4FC4-BDCB-916964C2CC5F}.Release|Any CPU.ActiveCfg = Release|Any CPU
		{ED32B941-2E48-4FC4-BDCB-916964C2CC5F}.Release|Any CPU.Build.0 = Release|Any CPU
	EndGlobalSection
	GlobalSection(SolutionProperties) = preSolution
		HideSolutionNode = FALSE
	EndGlobalSection
	GlobalSection(ExtensibilityGlobals) = postSolution
		SolutionGuid = {5D2639FE-862F-4671-8A0D-2D29BAE26F80}
	EndGlobalSection
EndGlobal
